lockfileVersion: '9.0'

settings:
  autoInstallPeers: true
  excludeLinksFromLockfile: false

importers:

  .:
    dependencies:
      '@types/escape-html':
        specifier: ^1.0.4
        version: 1.0.4
      '@types/nodemailer':
        specifier: ^6.4.17
        version: 6.4.17
      '@types/nodemailer-smtp-transport':
        specifier: ^2.7.8
        version: 2.7.8
      aedes:
        specifier: ^0.51.3
        version: 0.51.3
      argon2:
        specifier: ^0.41.1
        version: 0.41.1
      better-sqlite3:
        specifier: ^11.8.1
        version: 11.8.1
      better-sqlite3-session-store:
        specifier: ^0.1.0
        version: 0.1.0
      cors:
        specifier: ^2.8.5
        version: 2.8.5
      escape-html:
        specifier: ^1.0.3
        version: 1.0.3
      express:
        specifier: ^4.21.2
        version: 4.21.2
      express-rate-limit:
        specifier: ^7.5.0
        version: 7.5.0(express@4.21.2)
      express-session:
        specifier: ^1.18.1
        version: 1.18.1
      hcaptcha:
        specifier: ^0.2.0
        version: 0.2.0
      http-status-codes:
        specifier: ^2.3.0
        version: 2.3.0
      kysely:
        specifier: ^0.27.5
        version: 0.27.5
      liquidjs:
        specifier: ^10.20.1
        version: 10.20.1
      nodemailer:
        specifier: ^6.10.0
        version: 6.10.0
      nodemailer-smtp-transport:
        specifier: ^2.7.4
        version: 2.7.4
      zod:
        specifier: ^3.24.1
        version: 3.24.1
      zod-validation-error:
        specifier: ^3.4.0
        version: 3.4.0(zod@3.24.1)
    devDependencies:
      '@hcaptcha/types':
        specifier: ^1.0.4
        version: 1.0.4
      '@types/better-sqlite3':
        specifier: ^7.6.12
        version: 7.6.12
      '@types/cors':
        specifier: ^2.8.17
        version: 2.8.17
      '@types/express':
        specifier: ^5.0.0
        version: 5.0.0
      '@types/express-session':
        specifier: ^1.18.1
        version: 1.18.1

packages:

  '@babel/runtime@7.26.0':
    resolution: {integrity: sha512-FDSOghenHTiToteC/QRlv2q3DhPZ/oOXTBoirfWNx1Cx3TMVcGWQtMMmQcSvb/JjpNeGzx8Pq/b4fKEJuWm1sw==}
    engines: {node: '>=6.9.0'}

  '@hcaptcha/types@1.0.4':
    resolution: {integrity: sha512-4CBrdr9DFC7sYZPRvLol82UVZVne8B2skBGfMDUqPC6q9vzHMwv/cNxXW44EIa6DaFDr+EWNSnKJpHxWr7Q42Q==}

  '@phc/format@1.0.0':
    resolution: {integrity: sha512-m7X9U6BG2+J+R1lSOdCiITLLrxm+cWlNI3HUFA92oLO77ObGNzaKdh8pMLqdZcshtkKuV84olNNXDfMc4FezBQ==}
    engines: {node: '>=10'}

  '@types/aws-sdk2-types@0.0.5':
    resolution: {integrity: sha512-FIOe05YZpdvafyZxlAmflV5jStj2TJoyFBtLJvXJnQauxQGFSVrazauVws1mlLRwS0GnITlFipNh0kHWdnUU1g==}

  '@types/better-sqlite3@7.6.12':
    resolution: {integrity: sha512-fnQmj8lELIj7BSrZQAdBMHEHX8OZLYIHXqAKT1O7tDfLxaINzf00PMjw22r3N/xXh0w/sGHlO6SVaCQ2mj78lg==}

  '@types/body-parser@1.19.5':
    resolution: {integrity: sha512-fB3Zu92ucau0iQ0JMCFQE7b/dv8Ot07NI3KaZIkIUNXq82k4eBAqUaneXfleGY9JWskeS9y+u0nXMyspcuQrCg==}

  '@types/connect@3.4.38':
    resolution: {integrity: sha512-K6uROf1LD88uDQqJCktA4yzL1YYAK6NgfsI0v/mTgyPKWsX1CnJ0XPSDhViejru1GcRkLWb8RlzFYJRqGUbaug==}

  '@types/cors@2.8.17':
    resolution: {integrity: sha512-8CGDvrBj1zgo2qE+oS3pOCyYNqCPryMWY2bGfwA0dcfopWGgxs+78df0Rs3rc9THP4JkOhLsAa+15VdpAqkcUA==}

  '@types/escape-html@1.0.4':
    resolution: {integrity: sha512-qZ72SFTgUAZ5a7Tj6kf2SHLetiH5S6f8G5frB2SPQ3EyF02kxdyBFf4Tz4banE3xCgGnKgWLt//a6VuYHKYJTg==}

  '@types/express-serve-static-core@5.0.4':
    resolution: {integrity: sha512-5kz9ScmzBdzTgB/3susoCgfqNDzBjvLL4taparufgSvlwjdLy6UyUy9T/tCpYd2GIdIilCatC4iSQS0QSYHt0w==}

  '@types/express-session@1.18.1':
    resolution: {integrity: sha512-S6TkD/lljxDlQ2u/4A70luD8/ZxZcrU5pQwI1rVXCiaVIywoFgbA+PIUNDjPhQpPdK0dGleLtYc/y7XWBfclBg==}

  '@types/express@5.0.0':
    resolution: {integrity: sha512-DvZriSMehGHL1ZNLzi6MidnsDhUZM/x2pRdDIKdwbUNqqwHxMlRdkxtn6/EPKyqKpHqTl/4nRZsRNLpZxZRpPQ==}

  '@types/http-errors@2.0.4':
    resolution: {integrity: sha512-D0CFMMtydbJAegzOyHjtiKPLlvnm3iTZyZRSZoLq2mRhDdmLfIWOCYPfQJ4cu2erKghU++QvjcUjp/5h7hESpA==}

  '@types/mime@1.3.5':
    resolution: {integrity: sha512-/pyBZWSLD2n0dcHE3hq8s8ZvcETHtEuF+3E7XVt0Ig2nvsVQXdghHVcEkIWjy9A0wKfTn97a/PSDYohKIlnP/w==}

  '@types/node@22.10.6':
    resolution: {integrity: sha512-qNiuwC4ZDAUNcY47xgaSuS92cjf8JbSUoaKS77bmLG1rU7MlATVSiw/IlrjtIyyskXBZ8KkNfjK/P5na7rgXbQ==}

  '@types/nodemailer-direct-transport@1.0.35':
    resolution: {integrity: sha512-D3CqXuU4WcHflbFF/ZMG4gXRU2OJKzv44XgPKX3FxLxU1nWz6l+hsAkN7dcBvBSu74muXUxd8EGioBW04iWZ5g==}

  '@types/nodemailer-ses-transport@1.5.5':
    resolution: {integrity: sha512-QL1SjkySMfpjnPEkPLZHY/wZleEboGsEruuZzDCI2dk/VDShoizX2smF859MDFLbtA/yHE/u7+7U/lkNgSe0Gg==}

  '@types/nodemailer-smtp-transport@2.7.8':
    resolution: {integrity: sha512-r+6LLaO4VtzP2FFLjOZGXpsm1Oz4wm5U9BdiMPfOFiIJhpPRmNKFXrzuBZUufRJoHhNi+NnS7Igy+m8ZyrADQg==}

  '@types/nodemailer@3.1.14':
    resolution: {integrity: sha512-8PYFpsjpGMOk3i4XRPM0piXa1OtGckjDjrvXAuKYZjXuvAI6XcrD/cN3f5MrqNVPDZGyxtlvQdhGzXo/D/uS/Q==}

  '@types/nodemailer@6.4.17':
    resolution: {integrity: sha512-I9CCaIp6DTldEg7vyUTZi8+9Vo0hi1/T8gv3C89yk1rSAAzoKQ8H8ki/jBYJSFoH/BisgLP8tkZMlQ91CIquww==}

  '@types/qs@6.9.18':
    resolution: {integrity: sha512-kK7dgTYDyGqS+e2Q4aK9X3D7q234CIZ1Bv0q/7Z5IwRDoADNU81xXJK/YVyLbLTZCoIwUoDoffFeF+p/eIklAA==}

  '@types/range-parser@1.2.7':
    resolution: {integrity: sha512-hKormJbkJqzQGhziax5PItDUTMAM9uE2XXQmM37dyd4hVM+5aVl7oVxMVUiVQn2oCQFN/LKCZdvSM0pFRqbSmQ==}

  '@types/readable-stream@4.0.18':
    resolution: {integrity: sha512-21jK/1j+Wg+7jVw1xnSwy/2Q1VgVjWuFssbYGTREPUBeZ+rqVFl2udq0IkxzPC0ZhOzVceUbyIACFZKLqKEBlA==}

  '@types/send@0.17.4':
    resolution: {integrity: sha512-x2EM6TJOybec7c52BX0ZspPodMsQUd5L6PRwOunVyVUhXiBSKf3AezDL8Dgvgt5o0UfKNfuA0eMLr2wLT4AiBA==}

  '@types/serve-static@1.15.7':
    resolution: {integrity: sha512-W8Ym+h8nhuRwaKPaDw34QUkwsGi6Rc4yYqvKFo5rm2FUEhCFbzVWrxXUxuKK8TASjWsysJY0nsmNCGhCOIsrOw==}

  abort-controller@3.0.0:
    resolution: {integrity: sha512-h8lQ8tacZYnR3vNQTgibj+tODHI5/+l06Au2Pcriv/Gmet0eaj4TwWH41sO9wnHDiQsEj19q0drzdWdeAHtweg==}
    engines: {node: '>=6.5'}

  accepts@1.3.8:
    resolution: {integrity: sha512-PYAthTa2m2VKxuvSD3DPC/Gy+U+sOA1LAuT8mkmRuvw+NACSaeXEQ+NHcVF7rONl6qcaxV3Uuemwawk+7+SJLw==}
    engines: {node: '>= 0.6'}

  aedes-packet@3.0.0:
    resolution: {integrity: sha512-swASey0BxGs4/npZGWoiVDmnEyPvVFIRY6l2LVKL4rbiW8IhcIGDLfnb20Qo8U20itXlitAKPQ3MVTEbOGG5ZA==}
    engines: {node: '>=14'}

  aedes-persistence@9.1.2:
    resolution: {integrity: sha512-2Wlr5pwIK0eQOkiTwb8ZF6C20s8UPUlnsJ4kXYePZ3JlQl0NbBA176mzM8wY294BJ5wybpNc9P5XEQxqadRNcQ==}
    engines: {node: '>=14'}

  aedes@0.51.3:
    resolution: {integrity: sha512-aQfiI9w3RbqnowNCdcGMmCtxBFXN9bhJFcuZm24U5/NU06V3MCl42jWK2GUnu8rOypR2Ahi/aEcgq3w7CMcycg==}
    engines: {node: '>=16'}

  argon2@0.41.1:
    resolution: {integrity: sha512-dqCW8kJXke8Ik+McUcMDltrbuAWETPyU6iq+4AhxqKphWi7pChB/Zgd/Tp/o8xRLbg8ksMj46F/vph9wnxpTzQ==}
    engines: {node: '>=16.17.0'}

  array-flatten@1.1.1:
    resolution: {integrity: sha512-PCVAQswWemu6UdxsDFFX/+gVeYqKAod3D3UVm91jHwynguOwAvYPhx8nNlM++NqRcK6CxxpUafjmhIdKiHibqg==}

  base64-js@1.5.1:
    resolution: {integrity: sha512-AKpaYlHn8t4SVbOHCy+b5+KKgvR4vrsD8vbvrbiQJps7fKDTkjkDry6ji0rUJjC0kzbNePLwzxq8iypo41qeWA==}

  better-sqlite3-session-store@0.1.0:
    resolution: {integrity: sha512-O4EO5jOGTEa/c1DbZpP3C7VTDLSWe5lrOu1S/j86ipdGZxrSb8bSUVuRgWCgl/SCgEGmyeEqvlMY9HtyOSMOWA==}

  better-sqlite3@11.8.1:
    resolution: {integrity: sha512-9BxNaBkblMjhJW8sMRZxnxVTRgbRmssZW0Oxc1MPBTfiR+WW21e2Mk4qu8CzrcZb1LwPCnFsfDEzq+SNcBU8eg==}

  bindings@1.5.0:
    resolution: {integrity: sha512-p2q/t/mhvuOj/UeLlV6566GD/guowlr0hHxClI0W9m7MWYkL1F0hLo+0Aexs9HSPCtR1SXQ0TD3MMKrXZajbiQ==}

  bl@4.1.0:
    resolution: {integrity: sha512-1W07cM9gS6DcLperZfFSj+bWLtaPGSOHWhPiGzXmvVJbRLdG82sH/Kn8EtW1VqWVA54AKf2h5k5BbnIbwF3h6w==}

  bl@6.0.18:
    resolution: {integrity: sha512-2k76XmWCuvu9HTvu3tFOl5HDdCH0wLZ/jHYva/LBVJmc9oX8yUtNQjxrFmbTdXsCSmIxwVTANZPNDfMQrvHFUw==}

  body-parser@1.20.3:
    resolution: {integrity: sha512-7rAxByjUMqQ3/bHJy7D6OGXvx/MMc4IqBn/X0fcM1QUcAItpZrBEYhWGem+tzXH90c+G01ypMcYJBO9Y30203g==}
    engines: {node: '>= 0.8', npm: 1.2.8000 || >= 1.4.16}

  buffer@5.7.1:
    resolution: {integrity: sha512-EHcyIPBQ4BSGlvjB16k5KgAJ27CIsHY/2JBmCRReo48y9rQ3MaUzWX3KVlBa4U7MyX02HdVj0K7C3WaB3ju7FQ==}

  buffer@6.0.3:
    resolution: {integrity: sha512-FTiCpNxtwiZZHEZbcbTIcZjERVICn9yq/pDFkTl95/AxzD1naBctN7YO68riM/gLSDY7sdrMby8hofADYuuqOA==}

  bytes@3.1.2:
    resolution: {integrity: sha512-/Nf7TyzTx6S3yRJObOAV7956r8cr2+Oj8AC5dt8wSP3BQAoeX58NoHyCU8P8zGkNXStjTSi6fzO6F0pBdcYbEg==}
    engines: {node: '>= 0.8'}

  call-bind-apply-helpers@1.0.1:
    resolution: {integrity: sha512-BhYE+WDaywFg2TBWYNXAE+8B1ATnThNBqXHP5nQu0jWJdVvY2hvkpyB3qOmtmDePiS5/BDQ8wASEWGMWRG148g==}
    engines: {node: '>= 0.4'}

  call-bound@1.0.3:
    resolution: {integrity: sha512-YTd+6wGlNlPxSuri7Y6X8tY2dmm12UMH66RpKMhiX6rsk5wXXnYgbUcOt8kiS31/AjfoTOvCsE+w8nZQLQnzHA==}
    engines: {node: '>= 0.4'}

  chownr@1.1.4:
    resolution: {integrity: sha512-jJ0bqzaylmJtVnNgzTeSOs8DPavpbYgEr/b0YL8/2GO3xJEhInFmhKMUnEJQjZumK7KXGFhUy89PrsJWlakBVg==}

  commander@10.0.1:
    resolution: {integrity: sha512-y4Mg2tXshplEbSGzx7amzPwKKOCGuoSRP/CjEdwwk0FOGlUbq6lKuoyDZTNZkmxHdJtp54hdfY/JUrdL7Xfdug==}
    engines: {node: '>=14'}

  content-disposition@0.5.4:
    resolution: {integrity: sha512-FveZTNuGw04cxlAiWbzi6zTAL/lhehaWbTtgluJh4/E95DqMwTmha3KZN1aAWA8cFIhHzMZUvLevkw5Rqk+tSQ==}
    engines: {node: '>= 0.6'}

  content-type@1.0.5:
    resolution: {integrity: sha512-nTjqfcBFEipKdXCv4YDQWCfmcLZKm81ldF0pAopTvyrFGVbcR6P/VAAd5G7N+0tTr8QqiU0tFadD6FK4NtJwOA==}
    engines: {node: '>= 0.6'}

  cookie-signature@1.0.6:
    resolution: {integrity: sha512-QADzlaHc8icV8I7vbaJXJwod9HWYp8uCqf1xa4OfNu1T7JVxQIrUgOWtHdNDtPiywmFbiS12VjotIXLrKM3orQ==}

  cookie-signature@1.0.7:
    resolution: {integrity: sha512-NXdYc3dLr47pBkpUCHtKSwIOQXLVn8dZEuywboCOJY/osA0wFSLlSawr3KN8qXJEyX66FcONTH8EIlVuK0yyFA==}

  cookie@0.7.1:
    resolution: {integrity: sha512-6DnInpx7SJ2AK3+CTUE/ZM0vWTUboZCegxhC2xiIydHR9jNuTAASBrfEpHhiGOZw/nX51bHt6YQl8jsGo4y/0w==}
    engines: {node: '>= 0.6'}

  cookie@0.7.2:
    resolution: {integrity: sha512-yki5XnKuf750l50uGTllt6kKILY4nQ1eNIQatoXEByZ5dWgnKqbnqmTrBE5B4N7lrMJKQ2ytWMiTO2o0v6Ew/w==}
    engines: {node: '>= 0.6'}

  cors@2.8.5:
    resolution: {integrity: sha512-KIHbLJqu73RGr/hnbrO9uBeixNGuvSQjul/jdFvS/KFSIH1hWVd1ng7zOHx+YrEfInLG7q4n6GHQ9cDtxv/P6g==}
    engines: {node: '>= 0.10'}

  date-fns@2.16.1:
    resolution: {integrity: sha512-sAJVKx/FqrLYHAQeN7VpJrPhagZc9R4ImZIWYRFZaaohR3KzmuK88touwsSwSVT8Qcbd4zoDsnGfX4GFB4imyQ==}
    engines: {node: '>=0.11'}

  debug@2.6.9:
    resolution: {integrity: sha512-bC7ElrdJaJnPbAP+1EotYvqZsb3ecl5wi6Bfi6BJTUcNowp6cvspg0jXznRTKDjm/E7AdgFBVeAPVMNcKGsHMA==}
    peerDependencies:
      supports-color: '*'
    peerDependenciesMeta:
      supports-color:
        optional: true

  debug@4.4.0:
    resolution: {integrity: sha512-6WTZ/IxCY/T6BALoZHaE4ctp9xm+Z5kY/pzYaCHRFeyVhojxlrm+46y68HA6hr0TcwEssoxNiDEUJQjfPZ/RYA==}
    engines: {node: '>=6.0'}
    peerDependencies:
      supports-color: '*'
    peerDependenciesMeta:
      supports-color:
        optional: true

  decompress-response@6.0.0:
    resolution: {integrity: sha512-aW35yZM6Bb/4oJlZncMH2LCoZtJXTRxES17vE3hoRiowU2kWHaJKFkSBDnDR+cm9J+9QhXmREyIfv0pji9ejCQ==}
    engines: {node: '>=10'}

  deep-extend@0.6.0:
    resolution: {integrity: sha512-LOHxIOaPYdHlJRtCQfDIVZtfw/ufM8+rVj649RIHzcm/vGwQRXFt6OPqIFWsm2XEMrNIEtWR64sY1LEKD2vAOA==}
    engines: {node: '>=4.0.0'}

  depd@2.0.0:
    resolution: {integrity: sha512-g7nH6P6dyDioJogAAGprGpCtVImJhpPk/roCzdb3fIh61/s/nPsfR6onyMwkCAR/OlC3yBC0lESvUoQEAssIrw==}
    engines: {node: '>= 0.8'}

  destroy@1.2.0:
    resolution: {integrity: sha512-2sJGJTaXIIaR1w4iJSNoN0hnMY7Gpc/n8D4qSCJw8QqFWXf7cuAgnEHxBpweaVcPevC2l3KpjYCx3NypQQgaJg==}
    engines: {node: '>= 0.8', npm: 1.2.8000 || >= 1.4.16}

  detect-libc@2.0.3:
    resolution: {integrity: sha512-bwy0MGW55bG41VqxxypOsdSdGqLwXPI/focwgTYCFMbdUiBAxLg9CFzG08sz2aqzknwiX7Hkl0bQENjg8iLByw==}
    engines: {node: '>=8'}

  dunder-proto@1.0.1:
    resolution: {integrity: sha512-KIN/nDJBQRcXw0MLVhZE9iQHmG68qAVIBg9CqmUYjmQIhgij9U5MFvrqkUL5FbtyyzZuOeOt0zdeRe4UY7ct+A==}
    engines: {node: '>= 0.4'}

  ee-first@1.1.1:
    resolution: {integrity: sha512-WMwm9LhRUo+WUaRN+vRuETqG89IgZphVSNkdFgeb6sS/E4OrDIN7t48CAewSHXc6C8lefD8KKfr5vY61brQlow==}

  encodeurl@1.0.2:
    resolution: {integrity: sha512-TPJXq8JqFaVYm2CWmPvnP2Iyo4ZSM7/QKcSmuMLDObfpH5fi7RUGmd/rTDf+rut/saiDiQEeVTNgAmJEdAOx0w==}
    engines: {node: '>= 0.8'}

  encodeurl@2.0.0:
    resolution: {integrity: sha512-Q0n9HRi4m6JuGIV1eFlmvJB7ZEVxu93IrMyiMsGC0lrMJMWzRgx6WGquyfQgZVb31vhGgXnfmPNNXmxnOkRBrg==}
    engines: {node: '>= 0.8'}

  end-of-stream@1.4.4:
    resolution: {integrity: sha512-+uw1inIHVPQoaVuHzRyXd21icM+cnt4CzD5rW+NC1wjOUSTOs+Te7FOv7AhN7vS9x/oIyhLP5PR1H+phQAHu5Q==}

  es-define-property@1.0.1:
    resolution: {integrity: sha512-e3nRfgfUZ4rNGL232gUgX06QNyyez04KdjFrF+LTRoOXmrOgFKDg4BCdsjW8EnT69eqdYGmRpJwiPVYNrCaW3g==}
    engines: {node: '>= 0.4'}

  es-errors@1.3.0:
    resolution: {integrity: sha512-Zf5H2Kxt2xjTvbJvP2ZWLEICxA6j+hAmMzIlypy4xcBg1vKVnx89Wy0GbS+kf5cwCVFFzdCFh2XSCFNULS6csw==}
    engines: {node: '>= 0.4'}

  es-object-atoms@1.0.1:
    resolution: {integrity: sha512-BPOBuyUF9QIVhuNLhbToCLHP6+0MHwZ7xLBkPPCZqK4JmpJgGnv10035STzzQwFpqdzNFMB3irvDI63IagvDwA==}
    engines: {node: '>= 0.4'}

  escape-html@1.0.3:
    resolution: {integrity: sha512-NiSupZ4OeuGwr68lGIeym/ksIZMJodUGOSCZ/FSnTxcrekbvqrgdUxlJOMpijaKZVjAJrWrGs/6Jy8OMuyj9ow==}

  etag@1.8.1:
    resolution: {integrity: sha512-aIL5Fx7mawVa300al2BnEE4iNvo1qETxLrPI/o05L7z6go7fCw1J6EQmbK4FmJ2AS7kgVF/KEZWufBfdClMcPg==}
    engines: {node: '>= 0.6'}

  event-target-shim@5.0.1:
    resolution: {integrity: sha512-i/2XbnSz/uxRCU6+NdVJgKWDTM427+MqYbkQzD321DuCQJUqOuJKIA0IM2+W2xtYHdKOmZ4dR6fExsd4SXL+WQ==}
    engines: {node: '>=6'}

  events@3.3.0:
    resolution: {integrity: sha512-mQw+2fkQbALzQ7V0MY0IqdnXNOeTtP4r0lN9z7AAawCXgqea7bDii20AYrIBrFd/Hx0M2Ocz6S111CaFkUcb0Q==}
    engines: {node: '>=0.8.x'}

  expand-template@2.0.3:
    resolution: {integrity: sha512-XYfuKMvj4O35f/pOXLObndIRvyQ+/+6AhODh+OKWj9S9498pHHn/IMszH+gt0fBCRWMNfk1ZSp5x3AifmnI2vg==}
    engines: {node: '>=6'}

  express-rate-limit@7.5.0:
    resolution: {integrity: sha512-eB5zbQh5h+VenMPM3fh+nw1YExi5nMr6HUCR62ELSP11huvxm/Uir1H1QEyTkk5QX6A58pX6NmaTMceKZ0Eodg==}
    engines: {node: '>= 16'}
    peerDependencies:
      express: ^4.11 || 5 || ^5.0.0-beta.1

  express-session@1.18.1:
    resolution: {integrity: sha512-a5mtTqEaZvBCL9A9aqkrtfz+3SMDhOVUnjafjo+s7A9Txkq+SVX2DLvSp1Zrv4uCXa3lMSK3viWnh9Gg07PBUA==}
    engines: {node: '>= 0.8.0'}

  express@4.21.2:
    resolution: {integrity: sha512-28HqgMZAmih1Czt9ny7qr6ek2qddF4FclbMzwhCREB6OFfH+rXAnuNCwo1/wFvrtbgsQDb4kSbX9de9lFbrXnA==}
    engines: {node: '>= 0.10.0'}

  fast-unique-numbers@8.0.13:
    resolution: {integrity: sha512-7OnTFAVPefgw2eBJ1xj2PGGR9FwYzSUso9decayHgCDX4sJkHLdcsYTytTg+tYv+wKF3U8gJuSBz2jJpQV4u/g==}
    engines: {node: '>=16.1.0'}

  fastfall@1.5.1:
    resolution: {integrity: sha512-KH6p+Z8AKPXnmA7+Iz2Lh8ARCMr+8WNPVludm1LGkZoD2MjY6LVnRMtTKhkdzI+jr0RzQWXKzKyBJm1zoHEL4Q==}
    engines: {node: '>=0.10.0'}

  fastparallel@2.4.1:
    resolution: {integrity: sha512-qUmhxPgNHmvRjZKBFUNI0oZuuH9OlSIOXmJ98lhKPxMZZ7zS/Fi0wRHOihDSz0R1YiIOjxzOY4bq65YTcdBi2Q==}

  fastseries@2.0.0:
    resolution: {integrity: sha512-XBU9RXeoYc2/VnvMhplAxEmZLfIk7cvTBu+xwoBuTI8pL19E03cmca17QQycKIdxgwCeFA/a4u27gv1h3ya5LQ==}

  file-uri-to-path@1.0.0:
    resolution: {integrity: sha512-0Zt+s3L7Vf1biwWZ29aARiVYLx7iMGnEUl9x33fbB/j3jR81u/O2LbqK+Bm1CDSNDKVtJ/YjwY7TUd5SkeLQLw==}

  finalhandler@1.3.1:
    resolution: {integrity: sha512-6BN9trH7bp3qvnrRyzsBz+g3lZxTNZTbVO2EV1CS0WIcDbawYVdYvGflME/9QP0h0pYlCDBCTjYa9nZzMDpyxQ==}
    engines: {node: '>= 0.8'}

  forwarded@0.2.0:
    resolution: {integrity: sha512-buRG0fpBtRHSTCOASe6hD258tEubFoRLb4ZNA6NxMVHNw2gOcwHo9wyablzMzOA5z9xA9L1KNjk/Nt6MT9aYow==}
    engines: {node: '>= 0.6'}

  fresh@0.5.2:
    resolution: {integrity: sha512-zJ2mQYM18rEFOudeV4GShTGIQ7RbzA7ozbU9I/XBpm7kqgMywgmylMwXHxZJmkVoYkna9d2pVXVXPdYTP9ej8Q==}
    engines: {node: '>= 0.6'}

  fs-constants@1.0.0:
    resolution: {integrity: sha512-y6OAwoSIf7FyjMIv94u+b5rdheZEjzR63GTyZJm5qh4Bi+2YgwLCcI/fPFZkL5PSixOt6ZNKm+w+Hfp/Bciwow==}

  function-bind@1.1.2:
    resolution: {integrity: sha512-7XHNxH7qX9xG5mIwxkhumTox/MIRNcOgDrxWsMt2pAr23WHp6MrRlN7FBSFpCpr+oVO0F744iUgR82nJMfG2SA==}

  get-intrinsic@1.2.7:
    resolution: {integrity: sha512-VW6Pxhsrk0KAOqs3WEd0klDiF/+V7gQOpAvY1jVU/LHmaD/kQO4523aiJuikX/QAKYiW6x8Jh+RJej1almdtCA==}
    engines: {node: '>= 0.4'}

  get-proto@1.0.1:
    resolution: {integrity: sha512-sTSfBjoXBp89JvIKIefqw7U2CCebsc74kiY6awiGogKtoSGbgjYE/G/+l9sF3MWFPNc9IcoOC4ODfKHfxFmp0g==}
    engines: {node: '>= 0.4'}

  github-from-package@0.0.0:
    resolution: {integrity: sha512-SyHy3T1v2NUXn29OsWdxmK6RwHD+vkj3v8en8AOBZ1wBQ/hCAQ5bAQTD02kW4W9tUp/3Qh6J8r9EvntiyCmOOw==}

  gopd@1.2.0:
    resolution: {integrity: sha512-ZUKRh6/kUFoAiTAtTYPZJ3hw9wNxx+BIBOijnlG9PnrJsCcSjs1wyyD6vJpaYtgnzDrKYRSqf3OO6Rfa93xsRg==}
    engines: {node: '>= 0.4'}

  has-symbols@1.1.0:
    resolution: {integrity: sha512-1cDNdwJ2Jaohmb3sg4OmKaMBwuC48sYni5HUw2DvsC8LjGTLK9h+eb1X6RyuOHe4hT0ULCW68iomhjUoKUqlPQ==}
    engines: {node: '>= 0.4'}

  hasown@2.0.2:
    resolution: {integrity: sha512-0hJU9SCPvmMzIBdZFqNPXWa6dqh7WdH0cII9y+CyS8rG3nL48Bclra9HmKhVVUHyPWNH5Y7xDwAB7bfgSjkUMQ==}
    engines: {node: '>= 0.4'}

  hcaptcha@0.2.0:
    resolution: {integrity: sha512-x25z3RoEa9oqfyuQsgk2olc+LCNVDAJaGKUP1qFhpAybB6qjqOf4qB2y1E3LJpXDvM229JWEywc6iWnzWvGjNw==}

  http-errors@2.0.0:
    resolution: {integrity: sha512-FtwrG/euBzaEjYeRqOgly7G0qviiXoJWnvEH2Z1plBdXgbyjv34pHTSb9zoeHMyDy33+DWy5Wt9Wo+TURtOYSQ==}
    engines: {node: '>= 0.8'}

  http-status-codes@2.3.0:
    resolution: {integrity: sha512-RJ8XvFvpPM/Dmc5SV+dC4y5PCeOhT3x1Hq0NU3rjGeg5a/CqlhZ7uudknPwZFz4aeAXDcbAyaeP7GAo9lvngtA==}

  httpntlm@1.6.1:
    resolution: {integrity: sha512-Tcz3Ct9efvNqw3QdTl3h6IgRRlIQxwKkJELN/aAIGnzi2xvb3pDHdnMs8BrxWLV6OoT4DlVyhzSVhFt/tk0lIw==}
    engines: {node: '>=0.8.0'}

  httpreq@1.1.1:
    resolution: {integrity: sha512-uhSZLPPD2VXXOSN8Cni3kIsoFHaU2pT/nySEU/fHr/ePbqHYr0jeiQRmUKLEirC09SFPsdMoA7LU7UXMd/w0Kw==}
    engines: {node: '>= 6.15.1'}

  hyperid@3.3.0:
    resolution: {integrity: sha512-7qhCVT4MJIoEsNcbhglhdmBKb09QtcmJNiIQGq7js/Khf5FtQQ9bzcAuloeqBeee7XD7JqDeve9KNlQya5tSGQ==}

  iconv-lite@0.4.24:
    resolution: {integrity: sha512-v3MXnZAcvnywkTUEZomIActle7RXXeedOR31wwl7VlyoXO4Qi9arvSenNQWne1TcRwhCL1HwLI21bEqdpj8/rA==}
    engines: {node: '>=0.10.0'}

  ieee754@1.2.1:
    resolution: {integrity: sha512-dcyqhDvX1C46lXZcVqCpK+FtMRQVdIMN6/Df5js2zouUsqG7I6sFxitIC+7KYK29KdXOLHdu9zL4sFnoVQnqaA==}

  inherits@2.0.4:
    resolution: {integrity: sha512-k/vGaX4/Yla3WzyMCvTQOXYeIHvqOKtnqBduzTHpzpQZzAskKMhZ2K+EnBiSM9zGSoIFeMpXKxa4dYeZIQqewQ==}

  ini@1.3.8:
    resolution: {integrity: sha512-JV/yugV2uzW5iMRSiZAyDtQd+nxtUnjeLt0acNdw98kKLrvuRVyB80tsREOE7yvGVgalhZ6RNXCmEHkUKBKxew==}

  ipaddr.js@1.9.1:
    resolution: {integrity: sha512-0KI/607xoxSToH7GjN1FfSbLoU0+btTicjsQSWQlh/hZykN8KpmMf7uYwPW3R+akZ6R/w18ZlXSHBYXiYUPO3g==}
    engines: {node: '>= 0.10'}

  kysely@0.27.5:
    resolution: {integrity: sha512-s7hZHcQeSNKpzCkHRm8yA+0JPLjncSWnjb+2TIElwS2JAqYr+Kv3Ess+9KFfJS0C1xcQ1i9NkNHpWwCYpHMWsA==}
    engines: {node: '>=14.0.0'}

  liquidjs@10.20.1:
    resolution: {integrity: sha512-eZ33jfxjj0It8tkY+I4gbKWfXvMmOvQvvraxVFSLcTjZWCjdWMLBnevk48qw9AQIwIHFp58vZc59vH9Qwdq7mw==}
    engines: {node: '>=14'}
    hasBin: true

  math-intrinsics@1.1.0:
    resolution: {integrity: sha512-/IXtbwEk5HTPyEwyKX6hGkYXxM9nbj64B+ilVJnC/R6B0pH5G4V3b0pVbL7DBj4tkhBAppbQUlf6F6Xl9LHu1g==}
    engines: {node: '>= 0.4'}

  media-typer@0.3.0:
    resolution: {integrity: sha512-dq+qelQ9akHpcOl/gUVRTxVIOkAJ1wR3QAvb4RsVjS8oVoFjDGTc679wJYmUmknUF5HwMLOgb5O+a3KxfWapPQ==}
    engines: {node: '>= 0.6'}

  merge-descriptors@1.0.3:
    resolution: {integrity: sha512-gaNvAS7TZ897/rVaZ0nMtAyxNyi/pdbjbAwUpFQpN70GqnVfOiXpeUUMKRBmzXaSQ8DdTX4/0ms62r2K+hE6mQ==}

  methods@1.1.2:
    resolution: {integrity: sha512-iclAHeNqNm68zFtnZ0e+1L2yUIdvzNoauKU4WBA3VvH/vPFieF7qfRlwUZU+DA9P9bPXIS90ulxoUoCH23sV2w==}
    engines: {node: '>= 0.6'}

  mime-db@1.52.0:
    resolution: {integrity: sha512-sPU4uV7dYlvtWJxwwxHD0PuihVNiE7TyAbQ5SWxDCB9mUYvOgroQOwYQQOKPJ8CIbE+1ETVlOoK1UC2nU3gYvg==}
    engines: {node: '>= 0.6'}

  mime-types@2.1.35:
    resolution: {integrity: sha512-ZDY+bPm5zTTF+YpCrAU9nK0UgICYPT0QtT1NZWFv4s++TNkcgVaT0g6+4R2uI4MjQjzysHB1zxuWL50hzaeXiw==}
    engines: {node: '>= 0.6'}

  mime@1.6.0:
    resolution: {integrity: sha512-x0Vn8spI+wuJ1O6S7gnbaQg8Pxh4NNHb7KSINmEWKiPE4RKOplvijn+NkmYmmRgP68mc70j2EbeTFRsrswaQeg==}
    engines: {node: '>=4'}
    hasBin: true

  mimic-response@3.1.0:
    resolution: {integrity: sha512-z0yWI+4FDrrweS8Zmt4Ej5HdJmky15+L2e6Wgn3+iK5fWzb6T3fhNFq2+MeTRb064c6Wr4N/wv0DzQTjNzHNGQ==}
    engines: {node: '>=10'}

  minimist@1.2.8:
    resolution: {integrity: sha512-2yyAR8qBkN3YuheJanUpWC5U3bb5osDywNB8RzDVlDwDHbocAJveqqj1u8+SVD7jkWT4yvsHCpWqqWqAxb0zCA==}

  mkdirp-classic@0.5.3:
    resolution: {integrity: sha512-gKLcREMhtuZRwRAfqP3RFW+TK4JqApVBtOIftVgjuABpAtpxhPGaDcfvbhNvD0B8iD1oUr/txX35NjcaY6Ns/A==}

  mqemitter@6.0.2:
    resolution: {integrity: sha512-8RGlznQx/Nb1xC3xKUFXHWov7pn7JdH++YVwlr6SLT6k3ft1h+ImGqZdVudbdKruFckIq9wheq9s4hgCivJDow==}
    engines: {node: '>=16'}

  mqtt-packet@7.1.2:
    resolution: {integrity: sha512-FFZbcZ2omsf4c5TxEQfcX9hI+JzDpDKPT46OmeIBpVA7+t32ey25UNqlqNXTmeZOr5BLsSIERpQQLsFWJS94SQ==}

  mqtt-packet@9.0.1:
    resolution: {integrity: sha512-koZF1V/X2RZUI6uD9wN5OK1JxxcG1ofAR4H3LjCw1FkeKzruZQ26aAA6v2m1lZyWONZIR5wMMJFrZJDRNzbiQw==}

  ms@2.0.0:
    resolution: {integrity: sha512-Tpp60P6IUJDTuOq/5Z8cdskzJujfwqfOTkrwIwj7IRISpnkJnT6SyJ4PCPnGMoFjC9ddhal5KVIYtAt97ix05A==}

  ms@2.1.3:
    resolution: {integrity: sha512-6FlzubTLZG3J2a/NVCAleEhjzq5oxgHyaCU9yYXvcLsvoVaHJq/s5xXI6/XXP6tz7R9xAOtHnSO/tXtF3WRTlA==}

  napi-build-utils@2.0.0:
    resolution: {integrity: sha512-GEbrYkbfF7MoNaoh2iGG84Mnf/WZfB0GdGEsM8wz7Expx/LlWf5U8t9nvJKXSp3qr5IsEbK04cBGhol/KwOsWA==}

  negotiator@0.6.3:
    resolution: {integrity: sha512-+EUsqGPLsM+j/zdChZjsnX51g4XrHFOIXwfnCVPGlQk/k5giakcKsuxCObBRu6DSm9opw/O6slWbJdghQM4bBg==}
    engines: {node: '>= 0.6'}

  node-abi@3.74.0:
    resolution: {integrity: sha512-c5XK0MjkGBrQPGYG24GBADZud0NCbznxNx0ZkS+ebUTrmV1qTDxPxSL8zEAPURXSbLRWVexxmP4986BziahL5w==}
    engines: {node: '>=10'}

  node-addon-api@8.3.0:
    resolution: {integrity: sha512-8VOpLHFrOQlAH+qA0ZzuGRlALRA6/LVh8QJldbrC4DY0hXoMP0l4Acq8TzFC018HztWiRqyCEj2aTWY2UvnJUg==}
    engines: {node: ^18 || ^20 || >= 21}

  node-gyp-build@4.8.4:
    resolution: {integrity: sha512-LA4ZjwlnUblHVgq0oBF3Jl/6h/Nvs5fzBLwdEF4nuxnFdsfajde4WfxtJr3CaiH+F6ewcIB/q4jQ4UzPyid+CQ==}
    hasBin: true

  nodemailer-fetch@1.6.0:
    resolution: {integrity: sha512-P7S5CEVGAmDrrpn351aXOLYs1R/7fD5NamfMCHyi6WIkbjS2eeZUB/TkuvpOQr0bvRZicVqo59+8wbhR3yrJbQ==}

  nodemailer-shared@1.1.0:
    resolution: {integrity: sha512-68xW5LSyPWv8R0GLm6veAvm7E+XFXkVgvE3FW0FGxNMMZqMkPFeGDVALfR1DPdSfcoO36PnW7q5AAOgFImEZGg==}

  nodemailer-smtp-transport@2.7.4:
    resolution: {integrity: sha512-1e86YhJ633OZWk3OHWS5TpuoYXG/LtY2/RzNiB5+EkFifDdqHCNHBnExd5cobx0ZSHJLNGM8EKnDuHRFIjFi6Q==}

  nodemailer-wellknown@0.1.10:
    resolution: {integrity: sha512-/VV4mjAEjfm2fn0loUvrpjvugw5rgurNjPO4WU24CuVSoeumsyLOTgaEWG8WoGdPxh1biOAp5JxDoy1hlA2zsw==}

  nodemailer@6.10.0:
    resolution: {integrity: sha512-SQ3wZCExjeSatLE/HBaXS5vqUOQk6GtBdIIKxiFdmm01mOQZX/POJkO3SUX1wDiYcwUOJwT23scFSC9fY2H8IA==}
    engines: {node: '>=6.0.0'}

  object-assign@4.1.1:
    resolution: {integrity: sha512-rJgTQnkUnH1sFw8yT6VSU3zD3sWmu6sZhIseY8VX+GRu3P6F7Fu+JNDoXfklElbLJSnc3FUQHVe4cU5hj+BcUg==}
    engines: {node: '>=0.10.0'}

  object-inspect@1.13.3:
    resolution: {integrity: sha512-kDCGIbxkDSXE3euJZZXzc6to7fCrKHNI/hSRQnRuQ+BWjFNzZwiFF8fj/6o2t2G9/jTj8PSIYTfCLelLZEeRpA==}
    engines: {node: '>= 0.4'}

  on-finished@2.4.1:
    resolution: {integrity: sha512-oVlzkg3ENAhCk2zdv7IJwd/QUD4z2RxRwpkcGY8psCVcCYZNq4wYnVWALHM+brtuJjePWiYF/ClmuDr8Ch5+kg==}
    engines: {node: '>= 0.8'}

  on-headers@1.0.2:
    resolution: {integrity: sha512-pZAE+FJLoyITytdqK0U5s+FIpjN0JP3OzFi/u8Rx+EV5/W+JTWGXG8xFzevE7AjBfDqHv/8vL8qQsIhHnqRkrA==}
    engines: {node: '>= 0.8'}

  once@1.4.0:
    resolution: {integrity: sha512-lNaJgI+2Q5URQBkccEKHTQOPaXdUxnZZElQTZY0MFUAuaEqe1E+Nyvgdz/aIyNi6Z9MzO5dv1H8n58/GELp3+w==}

  parseurl@1.3.3:
    resolution: {integrity: sha512-CiyeOxFT/JZyN5m0z9PfXw4SCBJ6Sygz1Dpl0wqjlhDEGGBP1GnsUVEL0p63hoG1fcj3fHynXi9NYO4nWOL+qQ==}
    engines: {node: '>= 0.8'}

  path-to-regexp@0.1.12:
    resolution: {integrity: sha512-RA1GjUVMnvYFxuqovrEqZoxxW5NUZqbwKtYz/Tt7nXerk0LbLblQmrsgdeOxV5SFHf0UDggjS/bSeOZwt1pmEQ==}

  prebuild-install@7.1.3:
    resolution: {integrity: sha512-8Mf2cbV7x1cXPUILADGI3wuhfqWvtiLA1iclTDbFRZkgRQS0NqsPZphna9V+HyTEadheuPmjaJMsbzKQFOzLug==}
    engines: {node: '>=10'}
    hasBin: true

  process-nextick-args@2.0.1:
    resolution: {integrity: sha512-3ouUOpQhtgrbOa17J7+uxOTpITYWaGP7/AhoR3+A+/1e9skrzelGi/dXzEYyvbxubEF6Wn2ypscTKiKJFFn1ag==}

  process@0.11.10:
    resolution: {integrity: sha512-cdGef/drWFoydD1JsMzuFf8100nZl+GT+yacc2bEced5f9Rjk4z+WtFUTBu9PhOi9j/jfmBPu0mMEY4wIdAF8A==}
    engines: {node: '>= 0.6.0'}

  proxy-addr@2.0.7:
    resolution: {integrity: sha512-llQsMLSUDUPT44jdrU/O37qlnifitDP+ZwrmmZcoSKyLKvtZxpyV0n2/bD/N4tBAAZ/gJEdZU7KMraoK1+XYAg==}
    engines: {node: '>= 0.10'}

  pump@3.0.2:
    resolution: {integrity: sha512-tUPXtzlGM8FE3P0ZL6DVs/3P58k9nk8/jZeQCurTJylQA8qFYzHFfhBJkuqyE0FifOsQ0uKWekiZ5g8wtr28cw==}

  qlobber@7.0.1:
    resolution: {integrity: sha512-FsFg9lMuMEFNKmTO9nV7tlyPhx8BmskPPjH2akWycuYVTtWaVwhW5yCHLJQ6Q+3mvw5cFX2vMfW2l9z2SiYAbg==}
    engines: {node: '>= 14'}

  qlobber@8.0.1:
    resolution: {integrity: sha512-O+Wd1chXj5YE1DwmD+ae0bXiSLehmnS3czlC1R9FL/Nt/3q8uMS1bIHmg2lJfCoiimCxClWM8AAuJrF0EvNiog==}
    engines: {node: '>= 16'}

  qs@6.13.0:
    resolution: {integrity: sha512-+38qI9SOr8tfZ4QmJNplMUxqjbe7LKvvZgWdExBOmd+egZTtjLB67Gu0HRX3u/XOq7UU2Nx6nsjvS16Z9uwfpg==}
    engines: {node: '>=0.6'}

  random-bytes@1.0.0:
    resolution: {integrity: sha512-iv7LhNVO047HzYR3InF6pUcUsPQiHTM1Qal51DcGSuZFBil1aBBWG5eHPNek7bvILMaYJ/8RU1e8w1AMdHmLQQ==}
    engines: {node: '>= 0.8'}

  range-parser@1.2.1:
    resolution: {integrity: sha512-Hrgsx+orqoygnmhFbKaHE6c296J+HTAQXoxEF6gNupROmmGJRoyzfG3ccAveqCBrwr/2yxQ5BVd/GTl5agOwSg==}
    engines: {node: '>= 0.6'}

  raw-body@2.5.2:
    resolution: {integrity: sha512-8zGqypfENjCIqGhgXToC8aB2r7YrBX+AQAfIPs/Mlk+BtPTztOvTS01NRW/3Eh60J+a48lt8qsCzirQ6loCVfA==}
    engines: {node: '>= 0.8'}

  rc@1.2.8:
    resolution: {integrity: sha512-y3bGgqKj3QBdxLbLkomlohkvsA8gdAiUQlSBJnBhfn+BPxg4bc62d8TcBW15wavDfgexCgccckhcZvywyQYPOw==}
    hasBin: true

  readable-stream@3.6.2:
    resolution: {integrity: sha512-9u/sniCrY3D5WdsERHzHE4G2YCXqoG5FTHUiCC4SIbr6XcLZBY05ya9EKjYek9O5xOAwjGq+1JdGBAS7Q9ScoA==}
    engines: {node: '>= 6'}

  readable-stream@4.7.0:
    resolution: {integrity: sha512-oIGGmcpTLwPga8Bn6/Z75SVaH1z5dUut2ibSyAMVhmUggWpmDn2dapB0n7f8nwaSiRtepAsfJyfXIO5DCVAODg==}
    engines: {node: ^12.22.0 || ^14.17.0 || >=16.0.0}

  regenerator-runtime@0.14.1:
    resolution: {integrity: sha512-dYnhHh0nJoMfnkZs6GmmhFknAGRrLznOu5nc9ML+EJxGvrx6H7teuevqVqCuPcPK//3eDrrjQhehXVx9cnkGdw==}

  retimer@4.0.0:
    resolution: {integrity: sha512-fZIVtvbOsQsxNSDhpdPOX4lx5Ss2ni+S72AUBitARpFhtA3UzrAjQ6gDtypB2/+l7L+1VQgAgpvAKY66mElH0w==}

  reusify@1.0.4:
    resolution: {integrity: sha512-U9nH88a3fc/ekCF1l0/UP1IosiuIjyTh7hBvXVMHYgVcfGvt897Xguj2UOLDeI5BG2m7/uwyaLVT6fbtCwTyzw==}
    engines: {iojs: '>=1.0.0', node: '>=0.10.0'}

  safe-buffer@5.1.2:
    resolution: {integrity: sha512-Gd2UZBJDkXlY7GbJxfsE8/nvKkUEU1G38c1siN6QP6a9PT9MmHB8GnpscSmMJSoF8LOIrt8ud/wPtojys4G6+g==}

  safe-buffer@5.2.1:
    resolution: {integrity: sha512-rp3So07KcdmmKbGvgaNxQSJr7bGVSVk5S9Eq1F+ppbRo70+YeaDxkw5Dd8NPN+GD6bjnYm2VuPuCXmpuYvmCXQ==}

  safer-buffer@2.1.2:
    resolution: {integrity: sha512-YZo3K82SD7Riyi0E1EQPojLz7kpepnSQI9IyPbHHg1XXXevb5dJI7tpyN2ADxGcQbHG7vcyRHk0cbwqcQriUtg==}

  semver@7.7.1:
    resolution: {integrity: sha512-hlq8tAfn0m/61p4BVRcPzIGr6LKiMwo4VM6dGi6pt4qcRkmNzTcWq6eCEjEh+qXjkMDvPlOFFSGwQjoEa6gyMA==}
    engines: {node: '>=10'}
    hasBin: true

  send@0.19.0:
    resolution: {integrity: sha512-dW41u5VfLXu8SJh5bwRmyYUbAoSB3c9uQh6L8h/KtsFREPWpbX1lrljJo186Jc4nmci/sGUZ9a0a0J2zgfq2hw==}
    engines: {node: '>= 0.8.0'}

  serve-static@1.16.2:
    resolution: {integrity: sha512-VqpjJZKadQB/PEbEwvFdO43Ax5dFBZ2UECszz8bQ7pi7wt//PWe1P6MN7eCnjsatYtBT6EuiClbjSWP2WrIoTw==}
    engines: {node: '>= 0.8.0'}

  setprototypeof@1.2.0:
    resolution: {integrity: sha512-E5LDX7Wrp85Kil5bhZv46j8jOeboKq5JMmYM3gVGdGH8xFpPWXUMsNrlODCrkoxMEeNi/XZIwuRvY4XNwYMJpw==}

  side-channel-list@1.0.0:
    resolution: {integrity: sha512-FCLHtRD/gnpCiCHEiJLOwdmFP+wzCmDEkc9y7NsYxeF4u7Btsn1ZuwgwJGxImImHicJArLP4R0yX4c2KCrMrTA==}
    engines: {node: '>= 0.4'}

  side-channel-map@1.0.1:
    resolution: {integrity: sha512-VCjCNfgMsby3tTdo02nbjtM/ewra6jPHmpThenkTYh8pG9ucZ/1P8So4u4FGBek/BjpOVsDCMoLA/iuBKIFXRA==}
    engines: {node: '>= 0.4'}

  side-channel-weakmap@1.0.2:
    resolution: {integrity: sha512-WPS/HvHQTYnHisLo9McqBHOJk2FkHO/tlpvldyrnem4aeQp4hai3gythswg6p01oSoTl58rcpiFAjF2br2Ak2A==}
    engines: {node: '>= 0.4'}

  side-channel@1.1.0:
    resolution: {integrity: sha512-ZX99e6tRweoUXqR+VBrslhda51Nh5MTQwou5tnUDgbtyM0dBgmhEDtWGP/xbKn6hqfPRHujUNwz5fy/wbbhnpw==}
    engines: {node: '>= 0.4'}

  simple-concat@1.0.1:
    resolution: {integrity: sha512-cSFtAPtRhljv69IK0hTVZQ+OfE9nePi/rtJmw5UjHeVyVroEqJXP1sFztKUy1qU+xvz3u/sfYJLa947b7nAN2Q==}

  simple-get@4.0.1:
    resolution: {integrity: sha512-brv7p5WgH0jmQJr1ZDDfKDOSeWWg+OVypG99A/5vYGPqJ6pxiaHLy8nxtFjBA7oMa01ebA9gfh1uMCFqOuXxvA==}

  smtp-connection@2.12.0:
    resolution: {integrity: sha512-UP5jK4s5SGcUcqPN4U9ingqKt9mXYSKa52YhqxPuMecAnUOsVJpOmtgGaOm1urUBJZlzDt1M9WhZZkgbhxQlvg==}

  statuses@2.0.1:
    resolution: {integrity: sha512-RwNA9Z/7PrK06rYLIzFMlaF+l73iwpzsqRIFgbMLbTcLD6cOao82TaWefPXQvB2fOC4AjuYSEndS7N/mTCbkdQ==}
    engines: {node: '>= 0.8'}

  string_decoder@1.3.0:
    resolution: {integrity: sha512-hkRX8U1WjJFd8LsDJ2yQ/wWWxaopEsABU1XfkM8A+j0+85JAGppt16cr1Whg6KIbb4okU6Mql6BOj+uup/wKeA==}

  strip-json-comments@2.0.1:
    resolution: {integrity: sha512-4gB8na07fecVVkOI6Rs4e7T6NOTki5EmL7TUduTs6bu3EdnSycntVJ4re8kgZA+wx9IueI2Y11bfbgwtzuE0KQ==}
    engines: {node: '>=0.10.0'}

  tar-fs@2.1.2:
    resolution: {integrity: sha512-EsaAXwxmx8UB7FRKqeozqEPop69DXcmYwTQwXvyAPF352HJsPdkVhvTaDPYqfNgruveJIJy3TA2l+2zj8LJIJA==}

  tar-stream@2.2.0:
    resolution: {integrity: sha512-ujeqbceABgwMZxEJnk2HDY2DlnUZ+9oEcb1KzTVfYHio0UE6dG71n60d8D2I4qNvleWrrXpmjpt7vZeF1LnMZQ==}
    engines: {node: '>=6'}

  toidentifier@1.0.1:
    resolution: {integrity: sha512-o5sSPKEkg/DIQNmH43V0/uerLrpzVedkUh8tGNvaeXpfpuwjKenlSox/2O/BTlZUtEe+JG7s5YhEz608PlAHRA==}
    engines: {node: '>=0.6'}

  tslib@2.8.1:
    resolution: {integrity: sha512-oJFu94HQb+KVduSUQL7wnpmqnfmLsOA/nAh6b6EH0wCEoK0/mPeXU6c3wKDV83MkOuHPRHtSXKKU99IBazS/2w==}

  tunnel-agent@0.6.0:
    resolution: {integrity: sha512-McnNiV1l8RYeY8tBgEpuodCC1mLUdbSN+CYBL7kJsJNInOP8UjDDEwdk6Mw60vdLLrr5NHKZhMAOSrR2NZuQ+w==}

  type-is@1.6.18:
    resolution: {integrity: sha512-TkRKr9sUTxEH8MdfuCSP7VizJyzRNMjj2J2do2Jr3Kym598JVdEksuzPQCnlFPW4ky9Q+iA+ma9BGm06XQBy8g==}
    engines: {node: '>= 0.6'}

  uid-safe@2.1.5:
    resolution: {integrity: sha512-KPHm4VL5dDXKz01UuEd88Df+KzynaohSL9fBh096KWAxSKZQDI2uBrVqtvRM4rwrIrRRKsdLNML/lnaaVSRioA==}
    engines: {node: '>= 0.8'}

  underscore@1.7.0:
    resolution: {integrity: sha512-cp0oQQyZhUM1kpJDLdGO1jPZHgS/MpzoWYfe9+CM2h/QGDZlqwT2T3YGukuBdaNJ/CAPoeyAZRRHz8JFo176vA==}

  undici-types@6.20.0:
    resolution: {integrity: sha512-Ny6QZ2Nju20vw1SRHe3d9jVu6gJ+4e3+MMpqu7pqE5HT6WsTSlce++GQmK5UXS8mzV8DSYHrQH+Xrf2jVcuKNg==}

  unpipe@1.0.0:
    resolution: {integrity: sha512-pjy2bYhSsufwWlKwPc+l3cN7+wuJlK6uz0YdJEOlQDbl6jo/YlPi4mb8agUkVC8BF7V8NuzeyPNqRksA3hztKQ==}
    engines: {node: '>= 0.8'}

  util-deprecate@1.0.2:
    resolution: {integrity: sha512-EPD5q1uXyFxJpCrLnCc1nHnq3gOa6DZBocAIiI2TaSCA7VCJ1UJDMagCzIkXNsUYfD1daK//LTEQ8xiIbrHtcw==}

  utils-merge@1.0.1:
    resolution: {integrity: sha512-pMZTvIkT1d+TFGvDOqodOclx0QWkkgi6Tdoa8gC8ffGAAqz9pzPTZWAybbsHHoED/ztMtkv/VoYTYyShUn81hA==}
    engines: {node: '>= 0.4.0'}

  uuid-parse@1.1.0:
    resolution: {integrity: sha512-OdmXxA8rDsQ7YpNVbKSJkNzTw2I+S5WsbMDnCtIWSQaosNAcWtFuI/YK1TjzUI6nbkgiqEyh8gWngfcv8Asd9A==}

  uuid@10.0.0:
    resolution: {integrity: sha512-8XkAphELsDnEGrDxUOHB3RGvXz6TeuYSGEZBOjtTtPm2lwhGBjLgOzLHB63IUWfBpNucQjND6d3AOudO+H3RWQ==}
    hasBin: true

  uuid@8.3.2:
    resolution: {integrity: sha512-+NYs2QeMWy+GWFOEm9xnn6HCDp0l7QBD7ml8zLUmJ+93Q5NF0NocErnwkTkXVFNiX3/fpC6afS8Dhb/gz7R7eg==}
    hasBin: true

  vary@1.1.2:
    resolution: {integrity: sha512-BNGbWLfd0eUPabhkXUVm0j8uuvREyTh5ovRa/dyow/BqAbZJyC+5fU+IzQOzmAKzYqYRAISoRhdQr3eIZ/PXqg==}
    engines: {node: '>= 0.8'}

  worker-timers-broker@6.1.8:
    resolution: {integrity: sha512-FUCJu9jlK3A8WqLTKXM9E6kAmI/dR1vAJ8dHYLMisLNB/n3GuaFIjJ7pn16ZcD1zCOf7P6H62lWIEBi+yz/zQQ==}

  worker-timers-worker@7.0.71:
    resolution: {integrity: sha512-ks/5YKwZsto1c2vmljroppOKCivB/ma97g9y77MAAz2TBBjPPgpoOiS1qYQKIgvGTr2QYPT3XhJWIB6Rj2MVPQ==}

  worker-timers@7.1.8:
    resolution: {integrity: sha512-R54psRKYVLuzff7c1OTFcq/4Hue5Vlz4bFtNEIarpSiCYhpifHU3aIQI29S84o1j87ePCYqbmEJPqwBTf+3sfw==}

  wrappy@1.0.2:
    resolution: {integrity: sha512-l4Sp/DRseor9wL6EvV2+TuQn63dMkPjZ/sp9XkghTEbV9KlPS1xUsZ3u7/IQO4wxtcFB4bgpQPRcR3QCvezPcQ==}

  xtend@4.0.2:
    resolution: {integrity: sha512-LKYU1iAXJXUgAXn9URjiu+MWhyUXHsvfp7mcuYm9dSUKK0/CjtrUwFAxD82/mCWbtLsGjFIad0wIsod4zrTAEQ==}
    engines: {node: '>=0.4'}

  zod-validation-error@3.4.0:
    resolution: {integrity: sha512-ZOPR9SVY6Pb2qqO5XHt+MkkTRxGXb4EVtnjc9JpXUOtUB1T9Ru7mZOT361AN3MsetVe7R0a1KZshJDZdgp9miQ==}
    engines: {node: '>=18.0.0'}
    peerDependencies:
      zod: ^3.18.0

  zod@3.24.1:
    resolution: {integrity: sha512-muH7gBL9sI1nciMZV67X5fTKKBLtwpZ5VBp1vsOQzj1MhrBZ4wlVCm3gedKZWLp0Oyel8sIGfeiz54Su+OVT+A==}

snapshots:

  '@babel/runtime@7.26.0':
    dependencies:
      regenerator-runtime: 0.14.1

  '@hcaptcha/types@1.0.4': {}

  '@phc/format@1.0.0': {}

  '@types/aws-sdk2-types@0.0.5':
    dependencies:
      '@types/node': 22.10.6

  '@types/better-sqlite3@7.6.12':
    dependencies:
      '@types/node': 22.10.6

  '@types/body-parser@1.19.5':
    dependencies:
      '@types/connect': 3.4.38
      '@types/node': 22.10.6

  '@types/connect@3.4.38':
    dependencies:
      '@types/node': 22.10.6

  '@types/cors@2.8.17':
    dependencies:
      '@types/node': 22.10.6

  '@types/escape-html@1.0.4': {}

  '@types/express-serve-static-core@5.0.4':
    dependencies:
      '@types/node': 22.10.6
      '@types/qs': 6.9.18
      '@types/range-parser': 1.2.7
      '@types/send': 0.17.4

  '@types/express-session@1.18.1':
    dependencies:
      '@types/express': 5.0.0

  '@types/express@5.0.0':
    dependencies:
      '@types/body-parser': 1.19.5
      '@types/express-serve-static-core': 5.0.4
      '@types/qs': 6.9.18
      '@types/serve-static': 1.15.7

  '@types/http-errors@2.0.4': {}

  '@types/mime@1.3.5': {}

  '@types/node@22.10.6':
    dependencies:
      undici-types: 6.20.0

  '@types/nodemailer-direct-transport@1.0.35':
    dependencies:
      '@types/nodemailer': 3.1.14

  '@types/nodemailer-ses-transport@1.5.5':
    dependencies:
      '@types/aws-sdk2-types': 0.0.5
      '@types/nodemailer': 3.1.14

  '@types/nodemailer-smtp-transport@2.7.8':
    dependencies:
      '@types/node': 22.10.6
      '@types/nodemailer': 3.1.14

  '@types/nodemailer@3.1.14':
    dependencies:
      '@types/node': 22.10.6
      '@types/nodemailer-direct-transport': 1.0.35
      '@types/nodemailer-ses-transport': 1.5.5
      '@types/nodemailer-smtp-transport': 2.7.8

  '@types/nodemailer@6.4.17':
    dependencies:
      '@types/node': 22.10.6

  '@types/qs@6.9.18': {}

  '@types/range-parser@1.2.7': {}

  '@types/readable-stream@4.0.18':
    dependencies:
      '@types/node': 22.10.6
      safe-buffer: 5.1.2

  '@types/send@0.17.4':
    dependencies:
      '@types/mime': 1.3.5
      '@types/node': 22.10.6

  '@types/serve-static@1.15.7':
    dependencies:
      '@types/http-errors': 2.0.4
      '@types/node': 22.10.6
      '@types/send': 0.17.4

  abort-controller@3.0.0:
    dependencies:
      event-target-shim: 5.0.1

  accepts@1.3.8:
    dependencies:
      mime-types: 2.1.35
      negotiator: 0.6.3

  aedes-packet@3.0.0:
    dependencies:
      mqtt-packet: 7.1.2
    transitivePeerDependencies:
      - supports-color

  aedes-persistence@9.1.2:
    dependencies:
      aedes-packet: 3.0.0
      qlobber: 7.0.1
    transitivePeerDependencies:
      - supports-color

  aedes@0.51.3:
    dependencies:
      aedes-packet: 3.0.0
      aedes-persistence: 9.1.2
      end-of-stream: 1.4.4
      fastfall: 1.5.1
      fastparallel: 2.4.1
      fastseries: 2.0.0
      hyperid: 3.3.0
      mqemitter: 6.0.2
      mqtt-packet: 9.0.1
      retimer: 4.0.0
      reusify: 1.0.4
      uuid: 10.0.0
    transitivePeerDependencies:
      - supports-color

  argon2@0.41.1:
    dependencies:
      '@phc/format': 1.0.0
      node-addon-api: 8.3.0
      node-gyp-build: 4.8.4

  array-flatten@1.1.1: {}

  base64-js@1.5.1: {}

  better-sqlite3-session-store@0.1.0:
    dependencies:
      date-fns: 2.16.1

  better-sqlite3@11.8.1:
    dependencies:
      bindings: 1.5.0
      prebuild-install: 7.1.3

  bindings@1.5.0:
    dependencies:
      file-uri-to-path: 1.0.0

  bl@4.1.0:
    dependencies:
      buffer: 5.7.1
      inherits: 2.0.4
      readable-stream: 3.6.2

  bl@6.0.18:
    dependencies:
      '@types/readable-stream': 4.0.18
      buffer: 6.0.3
      inherits: 2.0.4
      readable-stream: 4.7.0

  body-parser@1.20.3:
    dependencies:
      bytes: 3.1.2
      content-type: 1.0.5
      debug: 2.6.9
      depd: 2.0.0
      destroy: 1.2.0
      http-errors: 2.0.0
      iconv-lite: 0.4.24
      on-finished: 2.4.1
      qs: 6.13.0
      raw-body: 2.5.2
      type-is: 1.6.18
      unpipe: 1.0.0
    transitivePeerDependencies:
      - supports-color

  buffer@5.7.1:
    dependencies:
      base64-js: 1.5.1
      ieee754: 1.2.1

  buffer@6.0.3:
    dependencies:
      base64-js: 1.5.1
      ieee754: 1.2.1

  bytes@3.1.2: {}

  call-bind-apply-helpers@1.0.1:
    dependencies:
      es-errors: 1.3.0
      function-bind: 1.1.2

  call-bound@1.0.3:
    dependencies:
      call-bind-apply-helpers: 1.0.1
      get-intrinsic: 1.2.7

  chownr@1.1.4: {}

  commander@10.0.1: {}

  content-disposition@0.5.4:
    dependencies:
      safe-buffer: 5.2.1

  content-type@1.0.5: {}

  cookie-signature@1.0.6: {}

  cookie-signature@1.0.7: {}

  cookie@0.7.1: {}

  cookie@0.7.2: {}

  cors@2.8.5:
    dependencies:
      object-assign: 4.1.1
      vary: 1.1.2

  date-fns@2.16.1: {}

  debug@2.6.9:
    dependencies:
      ms: 2.0.0

  debug@4.4.0:
    dependencies:
      ms: 2.1.3

  decompress-response@6.0.0:
    dependencies:
      mimic-response: 3.1.0

  deep-extend@0.6.0: {}

  depd@2.0.0: {}

  destroy@1.2.0: {}

  detect-libc@2.0.3: {}

  dunder-proto@1.0.1:
    dependencies:
      call-bind-apply-helpers: 1.0.1
      es-errors: 1.3.0
      gopd: 1.2.0

  ee-first@1.1.1: {}

  encodeurl@1.0.2: {}

  encodeurl@2.0.0: {}

  end-of-stream@1.4.4:
    dependencies:
      once: 1.4.0

  es-define-property@1.0.1: {}

  es-errors@1.3.0: {}

  es-object-atoms@1.0.1:
    dependencies:
      es-errors: 1.3.0

  escape-html@1.0.3: {}

  etag@1.8.1: {}

  event-target-shim@5.0.1: {}

  events@3.3.0: {}

  expand-template@2.0.3: {}

  express-rate-limit@7.5.0(express@4.21.2):
    dependencies:
      express: 4.21.2

  express-session@1.18.1:
    dependencies:
      cookie: 0.7.2
      cookie-signature: 1.0.7
      debug: 2.6.9
      depd: 2.0.0
      on-headers: 1.0.2
      parseurl: 1.3.3
      safe-buffer: 5.2.1
      uid-safe: 2.1.5
    transitivePeerDependencies:
      - supports-color

  express@4.21.2:
    dependencies:
      accepts: 1.3.8
      array-flatten: 1.1.1
      body-parser: 1.20.3
      content-disposition: 0.5.4
      content-type: 1.0.5
      cookie: 0.7.1
      cookie-signature: 1.0.6
      debug: 2.6.9
      depd: 2.0.0
      encodeurl: 2.0.0
      escape-html: 1.0.3
      etag: 1.8.1
      finalhandler: 1.3.1
      fresh: 0.5.2
      http-errors: 2.0.0
      merge-descriptors: 1.0.3
      methods: 1.1.2
      on-finished: 2.4.1
      parseurl: 1.3.3
      path-to-regexp: 0.1.12
      proxy-addr: 2.0.7
      qs: 6.13.0
      range-parser: 1.2.1
      safe-buffer: 5.2.1
      send: 0.19.0
      serve-static: 1.16.2
      setprototypeof: 1.2.0
      statuses: 2.0.1
      type-is: 1.6.18
      utils-merge: 1.0.1
      vary: 1.1.2
    transitivePeerDependencies:
      - supports-color

  fast-unique-numbers@8.0.13:
    dependencies:
      '@babel/runtime': 7.26.0
      tslib: 2.8.1

  fastfall@1.5.1:
    dependencies:
      reusify: 1.0.4

  fastparallel@2.4.1:
    dependencies:
      reusify: 1.0.4
      xtend: 4.0.2

  fastseries@2.0.0: {}

  file-uri-to-path@1.0.0: {}

  finalhandler@1.3.1:
    dependencies:
      debug: 2.6.9
      encodeurl: 2.0.0
      escape-html: 1.0.3
      on-finished: 2.4.1
      parseurl: 1.3.3
      statuses: 2.0.1
      unpipe: 1.0.0
    transitivePeerDependencies:
      - supports-color

  forwarded@0.2.0: {}

  fresh@0.5.2: {}

  fs-constants@1.0.0: {}

  function-bind@1.1.2: {}

  get-intrinsic@1.2.7:
    dependencies:
      call-bind-apply-helpers: 1.0.1
      es-define-property: 1.0.1
      es-errors: 1.3.0
      es-object-atoms: 1.0.1
      function-bind: 1.1.2
      get-proto: 1.0.1
      gopd: 1.2.0
      has-symbols: 1.1.0
      hasown: 2.0.2
      math-intrinsics: 1.1.0

  get-proto@1.0.1:
    dependencies:
      dunder-proto: 1.0.1
      es-object-atoms: 1.0.1

  github-from-package@0.0.0: {}

  gopd@1.2.0: {}

  has-symbols@1.1.0: {}

  hasown@2.0.2:
    dependencies:
      function-bind: 1.1.2

  hcaptcha@0.2.0: {}

  http-errors@2.0.0:
    dependencies:
      depd: 2.0.0
      inherits: 2.0.4
      setprototypeof: 1.2.0
      statuses: 2.0.1
      toidentifier: 1.0.1

  http-status-codes@2.3.0: {}

  httpntlm@1.6.1:
    dependencies:
      httpreq: 1.1.1
      underscore: 1.7.0

  httpreq@1.1.1: {}

  hyperid@3.3.0:
    dependencies:
      buffer: 5.7.1
      uuid: 8.3.2
      uuid-parse: 1.1.0

  iconv-lite@0.4.24:
    dependencies:
      safer-buffer: 2.1.2

  ieee754@1.2.1: {}

  inherits@2.0.4: {}

  ini@1.3.8: {}

  ipaddr.js@1.9.1: {}

  kysely@0.27.5: {}

  liquidjs@10.20.1:
    dependencies:
      commander: 10.0.1

  math-intrinsics@1.1.0: {}

  media-typer@0.3.0: {}

  merge-descriptors@1.0.3: {}

  methods@1.1.2: {}

  mime-db@1.52.0: {}

  mime-types@2.1.35:
    dependencies:
      mime-db: 1.52.0

  mime@1.6.0: {}

  mimic-response@3.1.0: {}

  minimist@1.2.8: {}

  mkdirp-classic@0.5.3: {}

  mqemitter@6.0.2:
    dependencies:
      fastparallel: 2.4.1
      qlobber: 8.0.1

  mqtt-packet@7.1.2:
    dependencies:
      bl: 4.1.0
      debug: 4.4.0
      process-nextick-args: 2.0.1
    transitivePeerDependencies:
      - supports-color

  mqtt-packet@9.0.1:
    dependencies:
      bl: 6.0.18
      debug: 4.4.0
      process-nextick-args: 2.0.1
    transitivePeerDependencies:
      - supports-color

  ms@2.0.0: {}

  ms@2.1.3: {}

  napi-build-utils@2.0.0: {}

  negotiator@0.6.3: {}

  node-abi@3.74.0:
    dependencies:
      semver: 7.7.1

  node-addon-api@8.3.0: {}

  node-gyp-build@4.8.4: {}

  nodemailer-fetch@1.6.0: {}

  nodemailer-shared@1.1.0:
    dependencies:
      nodemailer-fetch: 1.6.0

  nodemailer-smtp-transport@2.7.4:
    dependencies:
      nodemailer-shared: 1.1.0
      nodemailer-wellknown: 0.1.10
      smtp-connection: 2.12.0

  nodemailer-wellknown@0.1.10: {}

  nodemailer@6.10.0: {}

  object-assign@4.1.1: {}

  object-inspect@1.13.3: {}

  on-finished@2.4.1:
    dependencies:
      ee-first: 1.1.1

  on-headers@1.0.2: {}

  once@1.4.0:
    dependencies:
      wrappy: 1.0.2

  parseurl@1.3.3: {}

  path-to-regexp@0.1.12: {}

  prebuild-install@7.1.3:
    dependencies:
      detect-libc: 2.0.3
      expand-template: 2.0.3
      github-from-package: 0.0.0
      minimist: 1.2.8
      mkdirp-classic: 0.5.3
      napi-build-utils: 2.0.0
      node-abi: 3.74.0
      pump: 3.0.2
      rc: 1.2.8
      simple-get: 4.0.1
      tar-fs: 2.1.2
      tunnel-agent: 0.6.0

  process-nextick-args@2.0.1: {}

  process@0.11.10: {}

  proxy-addr@2.0.7:
    dependencies:
      forwarded: 0.2.0
      ipaddr.js: 1.9.1

  pump@3.0.2:
    dependencies:
      end-of-stream: 1.4.4
      once: 1.4.0

  qlobber@7.0.1: {}

  qlobber@8.0.1: {}

  qs@6.13.0:
    dependencies:
      side-channel: 1.1.0

  random-bytes@1.0.0: {}

  range-parser@1.2.1: {}

  raw-body@2.5.2:
    dependencies:
      bytes: 3.1.2
      http-errors: 2.0.0
      iconv-lite: 0.4.24
      unpipe: 1.0.0

  rc@1.2.8:
    dependencies:
      deep-extend: 0.6.0
      ini: 1.3.8
      minimist: 1.2.8
      strip-json-comments: 2.0.1

  readable-stream@3.6.2:
    dependencies:
      inherits: 2.0.4
      string_decoder: 1.3.0
      util-deprecate: 1.0.2

  readable-stream@4.7.0:
    dependencies:
      abort-controller: 3.0.0
      buffer: 6.0.3
      events: 3.3.0
      process: 0.11.10
      string_decoder: 1.3.0

  regenerator-runtime@0.14.1: {}

  retimer@4.0.0:
    dependencies:
      worker-timers: 7.1.8

  reusify@1.0.4: {}

  safe-buffer@5.1.2: {}

  safe-buffer@5.2.1: {}

  safer-buffer@2.1.2: {}

  semver@7.7.1: {}

  send@0.19.0:
    dependencies:
      debug: 2.6.9
      depd: 2.0.0
      destroy: 1.2.0
      encodeurl: 1.0.2
      escape-html: 1.0.3
      etag: 1.8.1
      fresh: 0.5.2
      http-errors: 2.0.0
      mime: 1.6.0
      ms: 2.1.3
      on-finished: 2.4.1
      range-parser: 1.2.1
      statuses: 2.0.1
    transitivePeerDependencies:
      - supports-color

  serve-static@1.16.2:
    dependencies:
      encodeurl: 2.0.0
      escape-html: 1.0.3
      parseurl: 1.3.3
      send: 0.19.0
    transitivePeerDependencies:
      - supports-color

  setprototypeof@1.2.0: {}

  side-channel-list@1.0.0:
    dependencies:
      es-errors: 1.3.0
      object-inspect: 1.13.3

  side-channel-map@1.0.1:
    dependencies:
      call-bound: 1.0.3
      es-errors: 1.3.0
      get-intrinsic: 1.2.7
      object-inspect: 1.13.3

  side-channel-weakmap@1.0.2:
    dependencies:
      call-bound: 1.0.3
      es-errors: 1.3.0
      get-intrinsic: 1.2.7
      object-inspect: 1.13.3
      side-channel-map: 1.0.1

  side-channel@1.1.0:
    dependencies:
      es-errors: 1.3.0
      object-inspect: 1.13.3
      side-channel-list: 1.0.0
      side-channel-map: 1.0.1
      side-channel-weakmap: 1.0.2

  simple-concat@1.0.1: {}

  simple-get@4.0.1:
    dependencies:
      decompress-response: 6.0.0
      once: 1.4.0
      simple-concat: 1.0.1

  smtp-connection@2.12.0:
    dependencies:
      httpntlm: 1.6.1
      nodemailer-shared: 1.1.0

  statuses@2.0.1: {}

  string_decoder@1.3.0:
    dependencies:
      safe-buffer: 5.2.1

  strip-json-comments@2.0.1: {}

  tar-fs@2.1.2:
    dependencies:
      chownr: 1.1.4
      mkdirp-classic: 0.5.3
      pump: 3.0.2
      tar-stream: 2.2.0

  tar-stream@2.2.0:
    dependencies:
      bl: 4.1.0
      end-of-stream: 1.4.4
      fs-constants: 1.0.0
      inherits: 2.0.4
      readable-stream: 3.6.2

  toidentifier@1.0.1: {}

  tslib@2.8.1: {}

  tunnel-agent@0.6.0:
    dependencies:
      safe-buffer: 5.2.1

  type-is@1.6.18:
    dependencies:
      media-typer: 0.3.0
      mime-types: 2.1.35

  uid-safe@2.1.5:
    dependencies:
      random-bytes: 1.0.0

  underscore@1.7.0: {}

  undici-types@6.20.0: {}

  unpipe@1.0.0: {}

  util-deprecate@1.0.2: {}

  utils-merge@1.0.1: {}

  uuid-parse@1.1.0: {}

  uuid@10.0.0: {}

  uuid@8.3.2: {}

  vary@1.1.2: {}

  worker-timers-broker@6.1.8:
    dependencies:
      '@babel/runtime': 7.26.0
      fast-unique-numbers: 8.0.13
      tslib: 2.8.1
      worker-timers-worker: 7.0.71

  worker-timers-worker@7.0.71:
    dependencies:
      '@babel/runtime': 7.26.0
      tslib: 2.8.1

  worker-timers@7.1.8:
    dependencies:
      '@babel/runtime': 7.26.0
      tslib: 2.8.1
      worker-timers-broker: 6.1.8
      worker-timers-worker: 7.0.71

  wrappy@1.0.2: {}

  xtend@4.0.2: {}

  zod-validation-error@3.4.0(zod@3.24.1):
    dependencies:
      zod: 3.24.1

  zod@3.24.1: {}
